
Microsoft Visual Studio Solution File, Format Version 12.00
# Visual Studio Version 16
VisualStudioVersion = 16.0.31624.102
MinimumVisualStudioVersion = 10.0.40219.1
Project("{FAE04EC0-301F-11D3-BF4B-00C04F79EFBC}") = "Blog3.0", "Blog3.0\Blog3.0.csproj", "{3BC65925-0D07-48B6-9E3A-94AD0049533E}"
EndProject
Project("{FAE04EC0-301F-11D3-BF4B-00C04F79EFBC}") = "UnitTest", "UnitTest\UnitTest.csproj", "{8B19A447-CC2C-4D98-B5BF-6B4771DA604D}"
EndProject
Global
	GlobalSection(SolutionConfigurationPlatforms) = preSolution
		Debug|Any CPU = Debug|Any CPU
		Release|Any CPU = Release|Any CPU
	EndGlobalSection
	GlobalSection(ProjectConfigurationPlatforms) = postSolution
		{3BC65925-0D07-48B6-9E3A-94AD0049533E}.Debug|Any CPU.ActiveCfg = Debug|Any CPU
		{3BC65925-0D07-48B6-9E3A-94AD0049533E}.Debug|Any CPU.Build.0 = Debug|Any CPU
		{3BC65925-0D07-48B6-9E3A-94AD0049533E}.Release|Any CPU.ActiveCfg = Release|Any CPU
		{3BC65925-0D07-48B6-9E3A-94AD0049533E}.Release|Any CPU.Build.0 = Release|Any CPU
		{8B19A447-CC2C-4D98-B5BF-6B4771DA604D}.Debug|Any CPU.ActiveCfg = Debug|Any CPU
		{8B19A447-CC2C-4D98-B5BF-6B4771DA604D}.Debug|Any CPU.Build.0 = Debug|Any CPU
		{8B19A447-CC2C-4D98-B5BF-6B4771DA604D}.Release|Any CPU.ActiveCfg = Release|Any CPU
		{8B19A447-CC2C-4D98-B5BF-6B4771DA604D}.Release|Any CPU.Build.0 = Release|Any CPU
	EndGlobalSection
	GlobalSection(SolutionProperties) = preSolution
		HideSolutionNode = FALSE
	EndGlobalSection
	GlobalSection(ExtensibilityGlobals) = postSolution
		SolutionGuid = {BACFFFF0-8F69-40AF-A173-7DE140E71EC8}
	EndGlobalSection
EndGlobal
